// !$*UTF8*$!
{
	archiveVersion = 1;
	classes = {
	};
	objectVersion = 46;
	objects = {

/* Begin PBXBuildFile section */
		655607B81DB3EDB10071443C /* AppDelegate.swift in Sources */ = {isa = PBXBuildFile; fileRef = 655607B71DB3EDB10071443C /* AppDelegate.swift */; };
		655607BA1DB3EDB10071443C /* ViewController.swift in Sources */ = {isa = PBXBuildFile; fileRef = 655607B91DB3EDB10071443C /* ViewController.swift */; };
		655607BD1DB3EDB10071443C /* Main.storyboard in Resources */ = {isa = PBXBuildFile; fileRef = 655607BB1DB3EDB10071443C /* Main.storyboard */; };
		655607C01DB3EDB10071443C /* MemoryTiles.xcdatamodeld in Sources */ = {isa = PBXBuildFile; fileRef = 655607BE1DB3EDB10071443C /* MemoryTiles.xcdatamodeld */; };
		655607C21DB3EDB10071443C /* Assets.xcassets in Resources */ = {isa = PBXBuildFile; fileRef = 655607C11DB3EDB10071443C /* Assets.xcassets */; };
		655607C51DB3EDB10071443C /* LaunchScreen.storyboard in Resources */ = {isa = PBXBuildFile; fileRef = 655607C31DB3EDB10071443C /* LaunchScreen.storyboard */; };
		655607D01DB3EDB10071443C /* MemoryTilesTests.swift in Sources */ = {isa = PBXBuildFile; fileRef = 655607CF1DB3EDB10071443C /* MemoryTilesTests.swift */; };
		655607DB1DB3EDB10071443C /* MemoryTilesUITests.swift in Sources */ = {isa = PBXBuildFile; fileRef = 655607DA1DB3EDB10071443C /* MemoryTilesUITests.swift */; };
		655607E91DB40B930071443C /* UIView-Glow.swift in Sources */ = {isa = PBXBuildFile; fileRef = 655607E81DB40B930071443C /* UIView-Glow.swift */; };
		65A91CB01DB59AFB00D502D3 /* ArrayExtension.swift in Sources */ = {isa = PBXBuildFile; fileRef = 65A91CAF1DB59AFB00D502D3 /* ArrayExtension.swift */; };
		65AC98B71DBFF76D0076596C /* UIColorExtension.swift in Sources */ = {isa = PBXBuildFile; fileRef = 65AC98B61DBFF76D0076596C /* UIColorExtension.swift */; };
		65AC98B91DBFFAC00076596C /* TileButton.swift in Sources */ = {isa = PBXBuildFile; fileRef = 65AC98B81DBFFAC00076596C /* TileButton.swift */; };
/* End PBXBuildFile section */

/* Begin PBXContainerItemProxy section */
		655607CC1DB3EDB10071443C /* PBXContainerItemProxy */ = {
			isa = PBXContainerItemProxy;
			containerPortal = 655607AC1DB3EDB10071443C /* Project object */;
			proxyType = 1;
			remoteGlobalIDString = 655607B31DB3EDB10071443C;
			remoteInfo = MemoryTiles;
		};
		655607D71DB3EDB10071443C /* PBXContainerItemProxy */ = {
			isa = PBXContainerItemProxy;
			containerPortal = 655607AC1DB3EDB10071443C /* Project object */;
			proxyType = 1;
			remoteGlobalIDString = 655607B31DB3EDB10071443C;
			remoteInfo = MemoryTiles;
		};
/* End PBXContainerItemProxy section */

/* Begin PBXFileReference section */
		655607B41DB3EDB10071443C /* MemoryTiles.app */ = {isa = PBXFileReference; explicitFileType = wrapper.application; includeInIndex = 0; path = MemoryTiles.app; sourceTree = BUILT_PRODUCTS_DIR; };
		655607B71DB3EDB10071443C /* AppDelegate.swift */ = {isa = PBXFileReference; lastKnownFileType = sourcecode.swift; path = AppDelegate.swift; sourceTree = "<group>"; };
		655607B91DB3EDB10071443C /* ViewController.swift */ = {isa = PBXFileReference; lastKnownFileType = sourcecode.swift; path = ViewController.swift; sourceTree = "<group>"; };
		655607BC1DB3EDB10071443C /* Base */ = {isa = PBXFileReference; lastKnownFileType = file.storyboard; name = Base; path = Base.lproj/Main.storyboard; sourceTree = "<group>"; };
		655607BF1DB3EDB10071443C /* MemoryTiles.xcdatamodel */ = {isa = PBXFileReference; lastKnownFileType = wrapper.xcdatamodel; path = MemoryTiles.xcdatamodel; sourceTree = "<group>"; };
		655607C11DB3EDB10071443C /* Assets.xcassets */ = {isa = PBXFileReference; lastKnownFileType = folder.assetcatalog; path = Assets.xcassets; sourceTree = "<group>"; };
		655607C41DB3EDB10071443C /* Base */ = {isa = PBXFileReference; lastKnownFileType = file.storyboard; name = Base; path = Base.lproj/LaunchScreen.storyboard; sourceTree = "<group>"; };
		655607C61DB3EDB10071443C /* Info.plist */ = {isa = PBXFileReference; lastKnownFileType = text.plist.xml; path = Info.plist; sourceTree = "<group>"; };
		655607CB1DB3EDB10071443C /* MemoryTilesTests.xctest */ = {isa = PBXFileReference; explicitFileType = wrapper.cfbundle; includeInIndex = 0; path = MemoryTilesTests.xctest; sourceTree = BUILT_PRODUCTS_DIR; };
		655607CF1DB3EDB10071443C /* MemoryTilesTests.swift */ = {isa = PBXFileReference; lastKnownFileType = sourcecode.swift; path = MemoryTilesTests.swift; sourceTree = "<group>"; };
		655607D11DB3EDB10071443C /* Info.plist */ = {isa = PBXFileReference; lastKnownFileType = text.plist.xml; path = Info.plist; sourceTree = "<group>"; };
		655607D61DB3EDB10071443C /* MemoryTilesUITests.xctest */ = {isa = PBXFileReference; explicitFileType = wrapper.cfbundle; includeInIndex = 0; path = MemoryTilesUITests.xctest; sourceTree = BUILT_PRODUCTS_DIR; };
		655607DA1DB3EDB10071443C /* MemoryTilesUITests.swift */ = {isa = PBXFileReference; lastKnownFileType = sourcecode.swift; path = MemoryTilesUITests.swift; sourceTree = "<group>"; };
		655607DC1DB3EDB10071443C /* Info.plist */ = {isa = PBXFileReference; lastKnownFileType = text.plist.xml; path = Info.plist; sourceTree = "<group>"; };
		655607E81DB40B930071443C /* UIView-Glow.swift */ = {isa = PBXFileReference; fileEncoding = 4; lastKnownFileType = sourcecode.swift; path = "UIView-Glow.swift"; sourceTree = "<group>"; };
		65A91CAF1DB59AFB00D502D3 /* ArrayExtension.swift */ = {isa = PBXFileReference; fileEncoding = 4; lastKnownFileType = sourcecode.swift; path = ArrayExtension.swift; sourceTree = "<group>"; };
		65AC98B61DBFF76D0076596C /* UIColorExtension.swift */ = {isa = PBXFileReference; fileEncoding = 4; lastKnownFileType = sourcecode.swift; path = UIColorExtension.swift; sourceTree = "<group>"; };
		65AC98B81DBFFAC00076596C /* TileButton.swift */ = {isa = PBXFileReference; fileEncoding = 4; lastKnownFileType = sourcecode.swift; path = TileButton.swift; sourceTree = "<group>"; };
/* End PBXFileReference section */

/* Begin PBXFrameworksBuildPhase section */
		655607B11DB3EDB10071443C /* Frameworks */ = {
			isa = PBXFrameworksBuildPhase;
			buildActionMask = 2147483647;
			files = (
			);
			runOnlyForDeploymentPostprocessing = 0;
		};
		655607C81DB3EDB10071443C /* Frameworks */ = {
			isa = PBXFrameworksBuildPhase;
			buildActionMask = 2147483647;
			files = (
			);
			runOnlyForDeploymentPostprocessing = 0;
		};
		655607D31DB3EDB10071443C /* Frameworks */ = {
			isa = PBXFrameworksBuildPhase;
			buildActionMask = 2147483647;
			files = (
			);
			runOnlyForDeploymentPostprocessing = 0;
		};
/* End PBXFrameworksBuildPhase section */

/* Begin PBXGroup section */
		655607AB1DB3EDB10071443C = {
			isa = PBXGroup;
			children = (
				655607B61DB3EDB10071443C /* MemoryTiles */,
				655607CE1DB3EDB10071443C /* MemoryTilesTests */,
				655607D91DB3EDB10071443C /* MemoryTilesUITests */,
				655607B51DB3EDB10071443C /* Products */,
			);
			sourceTree = "<group>";
		};
		655607B51DB3EDB10071443C /* Products */ = {
			isa = PBXGroup;
			children = (
				655607B41DB3EDB10071443C /* MemoryTiles.app */,
				655607CB1DB3EDB10071443C /* MemoryTilesTests.xctest */,
				655607D61DB3EDB10071443C /* MemoryTilesUITests.xctest */,
			);
			name = Products;
			sourceTree = "<group>";
		};
		655607B61DB3EDB10071443C /* MemoryTiles */ = {
			isa = PBXGroup;
			children = (
				655607B71DB3EDB10071443C /* AppDelegate.swift */,
				655607B91DB3EDB10071443C /* ViewController.swift */,
				65A91CAF1DB59AFB00D502D3 /* ArrayExtension.swift */,
				655607E81DB40B930071443C /* UIView-Glow.swift */,
				65AC98B61DBFF76D0076596C /* UIColorExtension.swift */,
				65AC98B81DBFFAC00076596C /* TileButton.swift */,
				655607BB1DB3EDB10071443C /* Main.storyboard */,
				655607C11DB3EDB10071443C /* Assets.xcassets */,
				655607C31DB3EDB10071443C /* LaunchScreen.storyboard */,
				655607C61DB3EDB10071443C /* Info.plist */,
				655607BE1DB3EDB10071443C /* MemoryTiles.xcdatamodeld */,
			);
			path = MemoryTiles;
			sourceTree = "<group>";
		};
		655607CE1DB3EDB10071443C /* MemoryTilesTests */ = {
			isa = PBXGroup;
			children = (
				655607CF1DB3EDB10071443C /* MemoryTilesTests.swift */,
				655607D11DB3EDB10071443C /* Info.plist */,
			);
			path = MemoryTilesTests;
			sourceTree = "<group>";
		};
		655607D91DB3EDB10071443C /* MemoryTilesUITests */ = {
			isa = PBXGroup;
			children = (
				655607DA1DB3EDB10071443C /* MemoryTilesUITests.swift */,
				655607DC1DB3EDB10071443C /* Info.plist */,
			);
			path = MemoryTilesUITests;
			sourceTree = "<group>";
		};
/* End PBXGroup section */

/* Begin PBXNativeTarget section */
		655607B31DB3EDB10071443C /* MemoryTiles */ = {
			isa = PBXNativeTarget;
			buildConfigurationList = 655607DF1DB3EDB10071443C /* Build configuration list for PBXNativeTarget "MemoryTiles" */;
			buildPhases = (
				655607B01DB3EDB10071443C /* Sources */,
				655607B11DB3EDB10071443C /* Frameworks */,
				655607B21DB3EDB10071443C /* Resources */,
			);
			buildRules = (
			);
			dependencies = (
			);
			name = MemoryTiles;
			productName = MemoryTiles;
			productReference = 655607B41DB3EDB10071443C /* MemoryTiles.app */;
			productType = "com.apple.product-type.application";
		};
		655607CA1DB3EDB10071443C /* MemoryTilesTests */ = {
			isa = PBXNativeTarget;
			buildConfigurationList = 655607E21DB3EDB10071443C /* Build configuration list for PBXNativeTarget "MemoryTilesTests" */;
			buildPhases = (
				655607C71DB3EDB10071443C /* Sources */,
				655607C81DB3EDB10071443C /* Frameworks */,
				655607C91DB3EDB10071443C /* Resources */,
			);
			buildRules = (
			);
			dependencies = (
				655607CD1DB3EDB10071443C /* PBXTargetDependency */,
			);
			name = MemoryTilesTests;
			productName = MemoryTilesTests;
			productReference = 655607CB1DB3EDB10071443C /* MemoryTilesTests.xctest */;
			productType = "com.apple.product-type.bundle.unit-test";
		};
		655607D51DB3EDB10071443C /* MemoryTilesUITests */ = {
			isa = PBXNativeTarget;
			buildConfigurationList = 655607E51DB3EDB10071443C /* Build configuration list for PBXNativeTarget "MemoryTilesUITests" */;
			buildPhases = (
				655607D21DB3EDB10071443C /* Sources */,
				655607D31DB3EDB10071443C /* Frameworks */,
				655607D41DB3EDB10071443C /* Resources */,
			);
			buildRules = (
			);
			dependencies = (
				655607D81DB3EDB10071443C /* PBXTargetDependency */,
			);
			name = MemoryTilesUITests;
			productName = MemoryTilesUITests;
			productReference = 655607D61DB3EDB10071443C /* MemoryTilesUITests.xctest */;
			productType = "com.apple.product-type.bundle.ui-testing";
		};
/* End PBXNativeTarget section */

/* Begin PBXProject section */
		655607AC1DB3EDB10071443C /* Project object */ = {
			isa = PBXProject;
			attributes = {
				LastSwiftUpdateCheck = 0730;
				LastUpgradeCheck = 0730;
				ORGANIZATIONNAME = "Daniel Robertson";
				TargetAttributes = {
					655607B31DB3EDB10071443C = {
						CreatedOnToolsVersion = 7.3;
						DevelopmentTeam = T2PU79XAUR;
						LastSwiftMigration = 0800;
					};
					655607CA1DB3EDB10071443C = {
						CreatedOnToolsVersion = 7.3;
						DevelopmentTeam = T2PU79XAUR;
						LastSwiftMigration = 0800;
						TestTargetID = 655607B31DB3EDB10071443C;
					};
					655607D51DB3EDB10071443C = {
						CreatedOnToolsVersion = 7.3;
						DevelopmentTeam = T2PU79XAUR;
						LastSwiftMigration = 0800;
						TestTargetID = 655607B31DB3EDB10071443C;
					};
				};
			};
			buildConfigurationList = 655607AF1DB3EDB10071443C /* Build configuration list for PBXProject "MemoryTiles" */;
			compatibilityVersion = "Xcode 3.2";
			developmentRegion = English;
			hasScannedForEncodings = 0;
			knownRegions = (
				en,
				Base,
			);
			mainGroup = 655607AB1DB3EDB10071443C;
			productRefGroup = 655607B51DB3EDB10071443C /* Products */;
			projectDirPath = "";
			projectRoot = "";
			targets = (
				655607B31DB3EDB10071443C /* MemoryTiles */,
				655607CA1DB3EDB10071443C /* MemoryTilesTests */,
				655607D51DB3EDB10071443C /* MemoryTilesUITests */,
			);
		};
/* End PBXProject section */

/* Begin PBXResourcesBuildPhase section */
		655607B21DB3EDB10071443C /* Resources */ = {
			isa = PBXResourcesBuildPhase;
			buildActionMask = 2147483647;
			files = (
				655607C51DB3EDB10071443C /* LaunchScreen.storyboard in Resources */,
				655607C21DB3EDB10071443C /* Assets.xcassets in Resources */,
				655607BD1DB3EDB10071443C /* Main.storyboard in Resources */,
			);
			runOnlyForDeploymentPostprocessing = 0;
		};
		655607C91DB3EDB10071443C /* Resources */ = {
			isa = PBXResourcesBuildPhase;
			buildActionMask = 2147483647;
			files = (
			);
			runOnlyForDeploymentPostprocessing = 0;
		};
		655607D41DB3EDB10071443C /* Resources */ = {
			isa = PBXResourcesBuildPhase;
			buildActionMask = 2147483647;
			files = (
			);
			runOnlyForDeploymentPostprocessing = 0;
		};
/* End PBXResourcesBuildPhase section */

/* Begin PBXSourcesBuildPhase section */
		655607B01DB3EDB10071443C /* Sources */ = {
			isa = PBXSourcesBuildPhase;
			buildActionMask = 2147483647;
			files = (
				65A91CB01DB59AFB00D502D3 /* ArrayExtension.swift in Sources */,
				655607C01DB3EDB10071443C /* MemoryTiles.xcdatamodeld in Sources */,
				655607BA1DB3EDB10071443C /* ViewController.swift in Sources */,
				65AC98B91DBFFAC00076596C /* TileButton.swift in Sources */,
				655607B81DB3EDB10071443C /* AppDelegate.swift in Sources */,
				655607E91DB40B930071443C /* UIView-Glow.swift in Sources */,
				65AC98B71DBFF76D0076596C /* UIColorExtension.swift in Sources */,
			);
			runOnlyForDeploymentPostprocessing = 0;
		};
		655607C71DB3EDB10071443C /* Sources */ = {
			isa = PBXSourcesBuildPhase;
			buildActionMask = 2147483647;
			files = (
				655607D01DB3EDB10071443C /* MemoryTilesTests.swift in Sources */,
			);
			runOnlyForDeploymentPostprocessing = 0;
		};
		655607D21DB3EDB10071443C /* Sources */ = {
			isa = PBXSourcesBuildPhase;
			buildActionMask = 2147483647;
			files = (
				655607DB1DB3EDB10071443C /* MemoryTilesUITests.swift in Sources */,
			);
			runOnlyForDeploymentPostprocessing = 0;
		};
/* End PBXSourcesBuildPhase section */

/* Begin PBXTargetDependency section */
		655607CD1DB3EDB10071443C /* PBXTargetDependency */ = {
			isa = PBXTargetDependency;
			target = 655607B31DB3EDB10071443C /* MemoryTiles */;
			targetProxy = 655607CC1DB3EDB10071443C /* PBXContainerItemProxy */;
		};
		655607D81DB3EDB10071443C /* PBXTargetDependency */ = {
			isa = PBXTargetDependency;
			target = 655607B31DB3EDB10071443C /* MemoryTiles */;
			targetProxy = 655607D71DB3EDB10071443C /* PBXContainerItemProxy */;
		};
/* End PBXTargetDependency section */

/* Begin PBXVariantGroup section */
		655607BB1DB3EDB10071443C /* Main.storyboard */ = {
			isa = PBXVariantGroup;
			children = (
				655607BC1DB3EDB10071443C /* Base */,
			);
			name = Main.storyboard;
			sourceTree = "<group>";
		};
		655607C31DB3EDB10071443C /* LaunchScreen.storyboard */ = {
			isa = PBXVariantGroup;
			children = (
				655607C41DB3EDB10071443C /* Base */,
			);
			name = LaunchScreen.storyboard;
			sourceTree = "<group>";
		};
/* End PBXVariantGroup section */

/* Begin XCBuildConfiguration section */
		655607DD1DB3EDB10071443C /* Debug */ = {
			isa = XCBuildConfiguration;
			buildSettings = {
				ALWAYS_SEARCH_USER_PATHS = NO;
				CLANG_ANALYZER_NONNULL = YES;
				CLANG_CXX_LANGUAGE_STANDARD = "gnu++0x";
				CLANG_CXX_LIBRARY = "libc++";
				CLANG_ENABLE_MODULES = YES;
				CLANG_ENABLE_OBJC_ARC = YES;
				CLANG_WARN_BOOL_CONVERSION = YES;
				CLANG_WARN_CONSTANT_CONVERSION = YES;
				CLANG_WARN_DIRECT_OBJC_ISA_USAGE = YES_ERROR;
				CLANG_WARN_EMPTY_BODY = YES;
				CLANG_WARN_ENUM_CONVERSION = YES;
				CLANG_WARN_INT_CONVERSION = YES;
				CLANG_WARN_OBJC_ROOT_CLASS = YES_ERROR;
				CLANG_WARN_UNREACHABLE_CODE = YES;
				CLANG_WARN__DUPLICATE_METHOD_MATCH = YES;
				"CODE_SIGN_IDENTITY[sdk=iphoneos*]" = "iPhone Developer";
				COPY_PHASE_STRIP = NO;
				DEBUG_INFORMATION_FORMAT = dwarf;
				ENABLE_STRICT_OBJC_MSGSEND = YES;
				ENABLE_TESTABILITY = YES;
				GCC_C_LANGUAGE_STANDARD = gnu99;
				GCC_DYNAMIC_NO_PIC = NO;
				GCC_NO_COMMON_BLOCKS = YES;
				GCC_OPTIMIZATION_LEVEL = 0;
				GCC_PREPROCESSOR_DEFINITIONS = (
					"DEBUG=1",
					"$(inherited)",
				);
				GCC_WARN_64_TO_32_BIT_CONVERSION = YES;
				GCC_WARN_ABOUT_RETURN_TYPE = YES_ERROR;
				GCC_WARN_UNDECLARED_SELECTOR = YES;
				GCC_WARN_UNINITIALIZED_AUTOS = YES_AGGRESSIVE;
				GCC_WARN_UNUSED_FUNCTION = YES;
				GCC_WARN_UNUSED_VARIABLE = YES;
				IPHONEOS_DEPLOYMENT_TARGET = 9.3;
				MTL_ENABLE_DEBUG_INFO = YES;
				ONLY_ACTIVE_ARCH = YES;
				SDKROOT = iphoneos;
				SWIFT_OPTIMIZATION_LEVEL = "-Onone";
			};
			name = Debug;
		};
		655607DE1DB3EDB10071443C /* Release */ = {
			isa = XCBuildConfiguration;
			buildSettings = {
				ALWAYS_SEARCH_USER_PATHS = NO;
				CLANG_ANALYZER_NONNULL = YES;
				CLANG_CXX_LANGUAGE_STANDARD = "gnu++0x";
				CLANG_CXX_LIBRARY = "libc++";
				CLANG_ENABLE_MODULES = YES;
				CLANG_ENABLE_OBJC_ARC = YES;
				CLANG_WARN_BOOL_CONVERSION = YES;
				CLANG_WARN_CONSTANT_CONVERSION = YES;
				CLANG_WARN_DIRECT_OBJC_ISA_USAGE = YES_ERROR;
				CLANG_WARN_EMPTY_BODY = YES;
				CLANG_WARN_ENUM_CONVERSION = YES;
				CLANG_WARN_INT_CONVERSION = YES;
				CLANG_WARN_OBJC_ROOT_CLASS = YES_ERROR;
				CLANG_WARN_UNREACHABLE_CODE = YES;
				CLANG_WARN__DUPLICATE_METHOD_MATCH = YES;
				"CODE_SIGN_IDENTITY[sdk=iphoneos*]" = "iPhone Developer";
				COPY_PHASE_STRIP = NO;
				DEBUG_INFORMATION_FORMAT = "dwarf-with-dsym";
				ENABLE_NS_ASSERTIONS = NO;
				ENABLE_STRICT_OBJC_MSGSEND = YES;
				GCC_C_LANGUAGE_STANDARD = gnu99;
				GCC_NO_COMMON_BLOCKS = YES;
				GCC_WARN_64_TO_32_BIT_CONVERSION = YES;
				GCC_WARN_ABOUT_RETURN_TYPE = YES_ERROR;
				GCC_WARN_UNDECLARED_SELECTOR = YES;
				GCC_WARN_UNINITIALIZED_AUTOS = YES_AGGRESSIVE;
				GCC_WARN_UNUSED_FUNCTION = YES;
				GCC_WARN_UNUSED_VARIABLE = YES;
				IPHONEOS_DEPLOYMENT_TARGET = 9.3;
				MTL_ENABLE_DEBUG_INFO = NO;
				SDKROOT = iphoneos;
				VALIDATE_PRODUCT = YES;
			};
			name = Release;
		};
		655607E01DB3EDB10071443C /* Debug */ = {
			isa = XCBuildConfiguration;
			buildSettings = {
				ASSETCATALOG_COMPILER_APPICON_NAME = AppIcon;
				INFOPLIST_FILE = MemoryTiles/Info.plist;
				LD_RUNPATH_SEARCH_PATHS = "$(inherited) @executable_path/Frameworks";
				PRODUCT_BUNDLE_IDENTIFIER = "Daniel-Robertson-Productions.MemoryTiles";
				PRODUCT_NAME = "$(TARGET_NAME)";
				SWIFT_VERSION = 3.0;
			};
			name = Debug;
		};
		655607E11DB3EDB10071443C /* Release */ = {
			isa = XCBuildConfiguration;
			buildSettings = {
				ASSETCATALOG_COMPILER_APPICON_NAME = AppIcon;
				INFOPLIST_FILE = MemoryTiles/Info.plist;
				LD_RUNPATH_SEARCH_PATHS = "$(inherited) @executable_path/Frameworks";
				PRODUCT_BUNDLE_IDENTIFIER = "Daniel-Robertson-Productions.MemoryTiles";
				PRODUCT_NAME = "$(TARGET_NAME)";
				SWIFT_VERSION = 3.0;
			};
			name = Release;
		};
		655607E31DB3EDB10071443C /* Debug */ = {
			isa = XCBuildConfiguration;
			buildSettings = {
				BUNDLE_LOADER = "$(TEST_HOST)";
				INFOPLIST_FILE = MemoryTilesTests/Info.plist;
				LD_RUNPATH_SEARCH_PATHS = "$(inherited) @executable_path/Frameworks @loader_path/Frameworks";
				PRODUCT_BUNDLE_IDENTIFIER = "Daniel-Robertson-Productions.MemoryTilesTests";
				PRODUCT_NAME = "$(TARGET_NAME)";
				SWIFT_VERSION = 3.0;
				TEST_HOST = "$(BUILT_PRODUCTS_DIR)/MemoryTiles.app/MemoryTiles";
			};
			name = Debug;
		};
		655607E41DB3EDB10071443C /* Release */ = {
			isa = XCBuildConfiguration;
			buildSettings = {
				BUNDLE_LOADER = "$(TEST_HOST)";
				INFOPLIST_FILE = MemoryTilesTests/Info.plist;
				LD_RUNPATH_SEARCH_PATHS = "$(inherited) @executable_path/Frameworks @loader_path/Frameworks";
				PRODUCT_BUNDLE_IDENTIFIER = "Daniel-Robertson-Productions.MemoryTilesTests";
				PRODUCT_NAME = "$(TARGET_NAME)";
				SWIFT_VERSION = 3.0;
				TEST_HOST = "$(BUILT_PRODUCTS_DIR)/MemoryTiles.app/MemoryTiles";
			};
			name = Release;
		};
		655607E61DB3EDB10071443C /* Debug */ = {
			isa = XCBuildConfiguration;
			buildSettings = {
				INFOPLIST_FILE = MemoryTilesUITests/Info.plist;
				LD_RUNPATH_SEARCH_PATHS = "$(inherited) @executable_path/Frameworks @loader_path/Frameworks";
				PRODUCT_BUNDLE_IDENTIFIER = "Daniel-Robertson-Productions.MemoryTilesUITests";
				PRODUCT_NAME = "$(TARGET_NAME)";
				SWIFT_VERSION = 3.0;
				TEST_TARGET_NAME = MemoryTiles;
			};
			name = Debug;
		};
		655607E71DB3EDB10071443C /* Release */ = {
			isa = XCBuildConfiguration;
			buildSettings = {
				INFOPLIST_FILE = MemoryTilesUITests/Info.plist;
				LD_RUNPATH_SEARCH_PATHS = "$(inherited) @executable_path/Frameworks @loader_path/Frameworks";
				PRODUCT_BUNDLE_IDENTIFIER = "Daniel-Robertson-Productions.MemoryTilesUITests";
				PRODUCT_NAME = "$(TARGET_NAME)";
				SWIFT_VERSION = 3.0;
				TEST_TARGET_NAME = MemoryTiles;
			};
			name = Release;
		};
/* End XCBuildConfiguration section */

/* Begin XCConfigurationList section */
		655607AF1DB3EDB10071443C /* Build configuration list for PBXProject "MemoryTiles" */ = {
			isa = XCConfigurationList;
			buildConfigurations = (
				655607DD1DB3EDB10071443C /* Debug */,
				655607DE1DB3EDB10071443C /* Release */,
			);
			defaultConfigurationIsVisible = 0;
			defaultConfigurationName = Release;
		};
		655607DF1DB3EDB10071443C /* Build configuration list for PBXNativeTarget "MemoryTiles" */ = {
			isa = XCConfigurationList;
			buildConfigurations = (
				655607E01DB3EDB10071443C /* Debug */,
				655607E11DB3EDB10071443C /* Release */,
			);
			defaultConfigurationIsVisible = 0;
			defaultConfigurationName = Release;
		};
		655607E21DB3EDB10071443C /* Build configuration list for PBXNativeTarget "MemoryTilesTests" */ = {
			isa = XCConfigurationList;
			buildConfigurations = (
				655607E31DB3EDB10071443C /* Debug */,
				655607E41DB3EDB10071443C /* Release */,
			);
			defaultConfigurationIsVisible = 0;
			defaultConfigurationName = Release;
		};
		655607E51DB3EDB10071443C /* Build configuration list for PBXNativeTarget "MemoryTilesUITests" */ = {
			isa = XCConfigurationList;
			buildConfigurations = (
				655607E61DB3EDB10071443C /* Debug */,
				655607E71DB3EDB10071443C /* Release */,
			);
			defaultConfigurationIsVisible = 0;
			defaultConfigurationName = Release;
		};
/* End XCConfigurationList section */

/* Begin XCVersionGroup section */
		655607BE1DB3EDB10071443C /* MemoryTiles.xcdatamodeld */ = {
			isa = XCVersionGroup;
			children = (
				655607BF1DB3EDB10071443C /* MemoryTiles.xcdatamodel */,
			);
			currentVersion = 655607BF1DB3EDB10071443C /* MemoryTiles.xcdatamodel */;
			path = MemoryTiles.xcdatamodeld;
			sourceTree = "<group>";
			versionGroupType = wrapper.xcdatamodel;
		};
/* End XCVersionGroup section */
	};
	rootObject = 655607AC1DB3EDB10071443C /* Project object */;
}
